
Microsoft Visual Studio Solution File, Format Version 12.00
# Visual Studio Version 17
VisualStudioVersion = 17.3.32825.248
MinimumVisualStudioVersion = 10.0.40219.1
Project("{FAE04EC0-301F-11D3-BF4B-00C04F79EFBC}") = "testingappchild", "testingappchild\testingappchild.csproj", "{B49CE3C1-4BD6-4B58-9C22-1AFED39D808B}"
EndProject
Global
	GlobalSection(SolutionConfigurationPlatforms) = preSolution
		Debug|Any CPU = Debug|Any CPU
		Release|Any CPU = Release|Any CPU
	EndGlobalSection
	GlobalSection(ProjectConfigurationPlatforms) = postSolution
		{B49CE3C1-4BD6-4B58-9C22-1AFED39D808B}.Debug|Any CPU.ActiveCfg = Debug|Any CPU
		{B49CE3C1-4BD6-4B58-9C22-1AFED39D808B}.Debug|Any CPU.Build.0 = Debug|Any CPU
		{B49CE3C1-4BD6-4B58-9C22-1AFED39D808B}.Release|Any CPU.ActiveCfg = Release|Any CPU
		{B49CE3C1-4BD6-4B58-9C22-1AFED39D808B}.Release|Any CPU.Build.0 = Release|Any CPU
	EndGlobalSection
	GlobalSection(SolutionProperties) = preSolution
		HideSolutionNode = FALSE
	EndGlobalSection
	GlobalSection(ExtensibilityGlobals) = postSolution
		SolutionGuid = {0928F611-F0A3-4561-B96C-2499459A5974}
	EndGlobalSection
EndGlobal
